
Microsoft Visual Studio Solution File, Format Version 12.00
# Visual Studio Version 17
VisualStudioVersion = 17.14.36301.6 d17.14
MinimumVisualStudioVersion = 10.0.40219.1
Project("{FAE04EC0-301F-11D3-BF4B-00C04F79EFBC}") = "Ejercicio 1. Registro automotor", "Ejercicio 1. Registro automotor\Ejercicio 1. Registro automotor.csproj", "{7246A819-27A2-4F60-8986-0E6F4FC260A8}"
EndProject
Global
	GlobalSection(SolutionConfigurationPlatforms) = preSolution
		Debug|Any CPU = Debug|Any CPU
		Release|Any CPU = Release|Any CPU
	EndGlobalSection
	GlobalSection(ProjectConfigurationPlatforms) = postSolution
		{7246A819-27A2-4F60-8986-0E6F4FC260A8}.Debug|Any CPU.ActiveCfg = Debug|Any CPU
		{7246A819-27A2-4F60-8986-0E6F4FC260A8}.Debug|Any CPU.Build.0 = Debug|Any CPU
		{7246A819-27A2-4F60-8986-0E6F4FC260A8}.Release|Any CPU.ActiveCfg = Release|Any CPU
		{7246A819-27A2-4F60-8986-0E6F4FC260A8}.Release|Any CPU.Build.0 = Release|Any CPU
	EndGlobalSection
	GlobalSection(SolutionProperties) = preSolution
		HideSolutionNode = FALSE
	EndGlobalSection
	GlobalSection(ExtensibilityGlobals) = postSolution
		SolutionGuid = {10BB2089-294B-4D9C-AD8F-9EF5044C100A}
	EndGlobalSection
EndGlobal
